
Microsoft Visual Studio Solution File, Format Version 12.00
# Visual Studio Version 17
VisualStudioVersion = 17.3.32929.385
MinimumVisualStudioVersion = 10.0.40219.1
Project("{FAE04EC0-301F-11D3-BF4B-00C04F79EFBC}") = "8086Simulator", "8086Simulator\8086Simulator.csproj", "{904676E3-49DC-4DDB-9643-EEDBBF4AA195}"
EndProject
Global
	GlobalSection(SolutionConfigurationPlatforms) = preSolution
		Debug|Any CPU = Debug|Any CPU
		Release|Any CPU = Release|Any CPU
	EndGlobalSection
	GlobalSection(ProjectConfigurationPlatforms) = postSolution
		{904676E3-49DC-4DDB-9643-EEDBBF4AA195}.Debug|Any CPU.ActiveCfg = Debug|Any CPU
		{904676E3-49DC-4DDB-9643-EEDBBF4AA195}.Debug|Any CPU.Build.0 = Debug|Any CPU
		{904676E3-49DC-4DDB-9643-EEDBBF4AA195}.Release|Any CPU.ActiveCfg = Release|Any CPU
		{904676E3-49DC-4DDB-9643-EEDBBF4AA195}.Release|Any CPU.Build.0 = Release|Any CPU
	EndGlobalSection
	GlobalSection(SolutionProperties) = preSolution
		HideSolutionNode = FALSE
	EndGlobalSection
	GlobalSection(ExtensibilityGlobals) = postSolution
		SolutionGuid = {26FEBC9D-B33D-4114-AF08-1A09E75823E2}
	EndGlobalSection
EndGlobal
